<?xml version="1.0" encoding="utf-8"?>
<Project ToolsVersion="4.0" xmlns="http://schemas.microsoft.com/developer/msbuild/2003">
  <ItemGroup>
    <Filter Include="DirectX">
      <UniqueIdentifier>{8a06f941-1d53-466f-a37f-0358d83e5dcc}</UniqueIdentifier>
    </Filter>
    <Filter Include="DirectX\DirectX12">
      <UniqueIdentifier>{6510f1c1-8a72-41da-976a-1d98466fe4cc}</UniqueIdentifier>
    </Filter>
    <Filter Include="Shader">
      <UniqueIdentifier>{c32c22eb-ae4d-4475-abe5-32e0d48c7a70}</UniqueIdentifier>
    </Filter>
    <Filter Include="Utility">
      <UniqueIdentifier>{14b4bba0-d3c4-499d-b76a-f1ac421442e1}</UniqueIdentifier>
    </Filter>
    <Filter Include="Utility\IO">
      <UniqueIdentifier>{f7604760-29d2-46e9-b7de-57840ba82462}</UniqueIdentifier>
    </Filter>
    <Filter Include="Utility\Temp">
      <UniqueIdentifier>{7dd50f6a-aa51-4d3a-b972-589e4f93a461}</UniqueIdentifier>
    </Filter>
    <Filter Include="System">
      <UniqueIdentifier>{1fc0bf2c-bd1c-446b-b07d-e56fadd5c2fe}</UniqueIdentifier>
    </Filter>
    <Filter Include="Win32">
      <UniqueIdentifier>{441d4f62-0f2d-49d8-8b7c-eef92399d63a}</UniqueIdentifier>
    </Filter>
    <Filter Include="DirectXTK12">
      <UniqueIdentifier>{f25c661c-a8d1-4c47-8450-c18d00cba3f3}</UniqueIdentifier>
    </Filter>
    <Filter Include="DirectXTK12\include">
      <UniqueIdentifier>{e54970e8-5170-4c7d-9655-563742ac0b22}</UniqueIdentifier>
    </Filter>
    <Filter Include="DirectXTK12\lib">
      <UniqueIdentifier>{f2122b54-a5b8-4a12-9e35-a7118d09657e}</UniqueIdentifier>
    </Filter>
    <Filter Include="Shader\2D">
      <UniqueIdentifier>{1157e543-05a0-4589-891a-23fcc431f571}</UniqueIdentifier>
    </Filter>
    <Filter Include="Shader\3D">
      <UniqueIdentifier>{43469395-4518-4900-bc15-657abeddfed9}</UniqueIdentifier>
    </Filter>
    <Filter Include="DirectX\Draw">
      <UniqueIdentifier>{d270602e-c97a-406e-a9f2-ea684ed62d3a}</UniqueIdentifier>
    </Filter>
    <Filter Include="DirectX\Draw\Draw3D">
      <UniqueIdentifier>{2997ced9-791d-496a-a4a4-a209e00f27cf}</UniqueIdentifier>
    </Filter>
    <Filter Include="DirectX\Draw\Draw2D">
      <UniqueIdentifier>{e0380321-9c92-4bbd-a936-bb68a35d12e3}</UniqueIdentifier>
    </Filter>
    <Filter Include="DirectX\Draw\Utility">
      <UniqueIdentifier>{9fe9c7ee-d69d-4a96-b65e-0b8d5eb37530}</UniqueIdentifier>
    </Filter>
    <Filter Include="Operation">
      <UniqueIdentifier>{5fd8953a-5eb5-43d2-9449-b2ab5e74b772}</UniqueIdentifier>
    </Filter>
    <Filter Include="Operation\PLayer">
      <UniqueIdentifier>{df5ec89c-d0c8-4f63-b883-af02a1a3cc18}</UniqueIdentifier>
    </Filter>
  </ItemGroup>
  <ItemGroup>
    <ClCompile Include="main.cpp">
      <Filter>System</Filter>
    </ClCompile>
    <ClCompile Include="DirectX12.cpp">
      <Filter>DirectX\DirectX12</Filter>
    </ClCompile>
    <ClCompile Include="Draw2D.cpp">
      <Filter>DirectX\Draw\Draw2D</Filter>
    </ClCompile>
    <ClCompile Include="Input.cpp">
      <Filter>Utility\IO</Filter>
    </ClCompile>
    <ClCompile Include="tempUtility.cpp">
      <Filter>Utility\Temp</Filter>
    </ClCompile>
    <ClCompile Include="Win32.cpp">
      <Filter>Win32</Filter>
    </ClCompile>
    <ClCompile Include="Draw3D.cpp">
      <Filter>DirectX\Draw\Draw3D</Filter>
    </ClCompile>
    <ClCompile Include="DrawUtility.cpp">
      <Filter>DirectX\Draw\Utility</Filter>
    </ClCompile>
    <ClCompile Include="PlayerOP.cpp">
      <Filter>Operation\PLayer</Filter>
    </ClCompile>
  </ItemGroup>
  <ItemGroup>
    <FxCompile Include="BasicVS.hlsl">
      <Filter>Shader\2D</Filter>
    </FxCompile>
    <FxCompile Include="BasicPS.hlsl">
      <Filter>Shader\2D</Filter>
    </FxCompile>
    <FxCompile Include="BasicPS3D.hlsl">
      <Filter>Shader\3D</Filter>
    </FxCompile>
    <FxCompile Include="BasicVS3D.hlsl">
      <Filter>Shader\3D</Filter>
    </FxCompile>
  </ItemGroup>
  <ItemGroup>
    <ClInclude Include="DirectX12.h">
      <Filter>DirectX\DirectX12</Filter>
    </ClInclude>
    <ClInclude Include="Draw2D.h">
      <Filter>DirectX\Draw\Draw2D</Filter>
    </ClInclude>
    <ClInclude Include="Input.h">
      <Filter>Utility\IO</Filter>
    </ClInclude>
    <ClInclude Include="tempUtility.h">
      <Filter>Utility\Temp</Filter>
    </ClInclude>
    <ClInclude Include="Win32.h">
      <Filter>Win32</Filter>
    </ClInclude>
    <ClInclude Include="includes.h">
      <Filter>System</Filter>
    </ClInclude>
    <ClInclude Include="Draw3D.h">
      <Filter>DirectX\Draw\Draw3D</Filter>
    </ClInclude>
    <ClInclude Include="DrawUtility.h">
      <Filter>DirectX\Draw\Utility</Filter>
    </ClInclude>
    <ClInclude Include="PlayerOP.h">
      <Filter>Operation\PLayer</Filter>
    </ClInclude>
  </ItemGroup>
  <ItemGroup>
    <None Include="Basic.hlsli">
      <Filter>Shader\3D</Filter>
    </None>
  </ItemGroup>
</Project>