<?xml version="1.0" encoding="utf-8"?>
<Project ToolsVersion="4.0" xmlns="http://schemas.microsoft.com/developer/msbuild/2003">
  <ItemGroup>
    <Filter Include="DirectX">
      <UniqueIdentifier>{8a06f941-1d53-466f-a37f-0358d83e5dcc}</UniqueIdentifier>
    </Filter>
    <Filter Include="DirectX\DirectX12">
      <UniqueIdentifier>{6510f1c1-8a72-41da-976a-1d98466fe4cc}</UniqueIdentifier>
    </Filter>
    <Filter Include="DirectX\Draw">
      <UniqueIdentifier>{e0380321-9c92-4bbd-a936-bb68a35d12e3}</UniqueIdentifier>
    </Filter>
    <Filter Include="Shader">
      <UniqueIdentifier>{c32c22eb-ae4d-4475-abe5-32e0d48c7a70}</UniqueIdentifier>
    </Filter>
    <Filter Include="Utility">
      <UniqueIdentifier>{14b4bba0-d3c4-499d-b76a-f1ac421442e1}</UniqueIdentifier>
    </Filter>
    <Filter Include="Utility\IO">
      <UniqueIdentifier>{f7604760-29d2-46e9-b7de-57840ba82462}</UniqueIdentifier>
    </Filter>
    <Filter Include="Utility\Temp">
      <UniqueIdentifier>{7dd50f6a-aa51-4d3a-b972-589e4f93a461}</UniqueIdentifier>
    </Filter>
    <Filter Include="Utility\Player">
      <UniqueIdentifier>{1420a0bc-d196-4eed-bbc2-8c20d1a05735}</UniqueIdentifier>
    </Filter>
    <Filter Include="System">
      <UniqueIdentifier>{1fc0bf2c-bd1c-446b-b07d-e56fadd5c2fe}</UniqueIdentifier>
    </Filter>
    <Filter Include="Win32">
      <UniqueIdentifier>{441d4f62-0f2d-49d8-8b7c-eef92399d63a}</UniqueIdentifier>
    </Filter>
    <Filter Include="DirectXTK12">
      <UniqueIdentifier>{f25c661c-a8d1-4c47-8450-c18d00cba3f3}</UniqueIdentifier>
    </Filter>
    <Filter Include="DirectXTK12\include">
      <UniqueIdentifier>{e54970e8-5170-4c7d-9655-563742ac0b22}</UniqueIdentifier>
    </Filter>
    <Filter Include="DirectXTK12\lib">
      <UniqueIdentifier>{f2122b54-a5b8-4a12-9e35-a7118d09657e}</UniqueIdentifier>
    </Filter>
  </ItemGroup>
  <ItemGroup>
    <ClCompile Include="DirectX12.cpp">
      <Filter>DirectX\DirectX12</Filter>
    </ClCompile>
    <ClCompile Include="Draw.cpp">
      <Filter>DirectX\Draw</Filter>
    </ClCompile>
    <ClCompile Include="Input.cpp">
      <Filter>Utility\IO</Filter>
    </ClCompile>
    <ClCompile Include="tempUtility.cpp">
      <Filter>Utility\Temp</Filter>
    </ClCompile>
    <ClCompile Include="Player.cpp">
      <Filter>Utility\Player</Filter>
    </ClCompile>
    <ClCompile Include="main.cpp">
      <Filter>System</Filter>
    </ClCompile>
    <ClCompile Include="Win32.cpp">
      <Filter>Win32</Filter>
    </ClCompile>
  </ItemGroup>
  <ItemGroup>
    <FxCompile Include="BasicVS.hlsl">
      <Filter>Shader</Filter>
    </FxCompile>
    <FxCompile Include="BasicPS.hlsl">
      <Filter>Shader</Filter>
    </FxCompile>
  </ItemGroup>
  <ItemGroup>
    <ClInclude Include="DirectX12.h">
      <Filter>DirectX\DirectX12</Filter>
    </ClInclude>
    <ClInclude Include="Draw.h">
      <Filter>DirectX\Draw</Filter>
    </ClInclude>
    <ClInclude Include="Input.h">
      <Filter>Utility\IO</Filter>
    </ClInclude>
    <ClInclude Include="tempUtility.h">
      <Filter>Utility\Temp</Filter>
    </ClInclude>
    <ClInclude Include="Player.h">
      <Filter>Utility\Player</Filter>
    </ClInclude>
    <ClInclude Include="includes.h">
      <Filter>System</Filter>
    </ClInclude>
    <ClInclude Include="Win32.h">
      <Filter>Win32</Filter>
    </ClInclude>
    <ClInclude Include="DirectXTK\include\Audio.h">
      <Filter>DirectXTK12\include</Filter>
    </ClInclude>
    <ClInclude Include="DirectXTK\include\BufferHelpers.h">
      <Filter>DirectXTK12\include</Filter>
    </ClInclude>
    <ClInclude Include="DirectXTK\include\CommonStates.h">
      <Filter>DirectXTK12\include</Filter>
    </ClInclude>
    <ClInclude Include="DirectXTK\include\DDSTextureLoader.h">
      <Filter>DirectXTK12\include</Filter>
    </ClInclude>
    <ClInclude Include="DirectXTK\include\DescriptorHeap.h">
      <Filter>DirectXTK12\include</Filter>
    </ClInclude>
    <ClInclude Include="DirectXTK\include\DirectXHelpers.h">
      <Filter>DirectXTK12\include</Filter>
    </ClInclude>
    <ClInclude Include="DirectXTK\include\EffectPipelineStateDescription.h">
      <Filter>DirectXTK12\include</Filter>
    </ClInclude>
    <ClInclude Include="DirectXTK\include\Effects.h">
      <Filter>DirectXTK12\include</Filter>
    </ClInclude>
    <ClInclude Include="DirectXTK\include\GamePad.h">
      <Filter>DirectXTK12\include</Filter>
    </ClInclude>
    <ClInclude Include="DirectXTK\include\GeometricPrimitive.h">
      <Filter>DirectXTK12\include</Filter>
    </ClInclude>
    <ClInclude Include="DirectXTK\include\GraphicsMemory.h">
      <Filter>DirectXTK12\include</Filter>
    </ClInclude>
    <ClInclude Include="DirectXTK\include\Keyboard.h">
      <Filter>DirectXTK12\include</Filter>
    </ClInclude>
    <ClInclude Include="DirectXTK\include\Model.h">
      <Filter>DirectXTK12\include</Filter>
    </ClInclude>
    <ClInclude Include="DirectXTK\include\Mouse.h">
      <Filter>DirectXTK12\include</Filter>
    </ClInclude>
    <ClInclude Include="DirectXTK\include\PostProcess.h">
      <Filter>DirectXTK12\include</Filter>
    </ClInclude>
    <ClInclude Include="DirectXTK\include\PrimitiveBatch.h">
      <Filter>DirectXTK12\include</Filter>
    </ClInclude>
    <ClInclude Include="DirectXTK\include\RenderTargetState.h">
      <Filter>DirectXTK12\include</Filter>
    </ClInclude>
    <ClInclude Include="DirectXTK\include\ResourceUploadBatch.h">
      <Filter>DirectXTK12\include</Filter>
    </ClInclude>
    <ClInclude Include="DirectXTK\include\ScreenGrab.h">
      <Filter>DirectXTK12\include</Filter>
    </ClInclude>
    <ClInclude Include="DirectXTK\include\SimpleMath.h">
      <Filter>DirectXTK12\include</Filter>
    </ClInclude>
    <ClInclude Include="DirectXTK\include\SpriteBatch.h">
      <Filter>DirectXTK12\include</Filter>
    </ClInclude>
    <ClInclude Include="DirectXTK\include\SpriteFont.h">
      <Filter>DirectXTK12\include</Filter>
    </ClInclude>
    <ClInclude Include="DirectXTK\include\VertexTypes.h">
      <Filter>DirectXTK12\include</Filter>
    </ClInclude>
    <ClInclude Include="DirectXTK\include\WICTextureLoader.h">
      <Filter>DirectXTK12\include</Filter>
    </ClInclude>
    <ClInclude Include="DirectXTK\include\XboxDDSTextureLoader.h">
      <Filter>DirectXTK12\include</Filter>
    </ClInclude>
  </ItemGroup>
  <ItemGroup>
    <None Include="DirectXTK\include\SimpleMath.inl">
      <Filter>DirectXTK12\include</Filter>
    </None>
    <None Include="DirectXTK\lib\DirectXTK12.idb">
      <Filter>DirectXTK12\lib</Filter>
    </None>
    <None Include="DirectXTK\lib\DirectXTK12.lib.recipe">
      <Filter>DirectXTK12\lib</Filter>
    </None>
    <None Include="DirectXTK\lib\DirectXTK12.pch">
      <Filter>DirectXTK12\lib</Filter>
    </None>
    <None Include="DirectXTK\lib\DirectXTK12.pdb">
      <Filter>DirectXTK12\lib</Filter>
    </None>
  </ItemGroup>
  <ItemGroup>
    <Object Include="DirectXTK\lib\AlphaTestEffect.obj">
      <Filter>DirectXTK12\lib</Filter>
    </Object>
    <Object Include="DirectXTK\lib\AudioEngine.obj">
      <Filter>DirectXTK12\lib</Filter>
    </Object>
    <Object Include="DirectXTK\lib\BasicEffect.obj">
      <Filter>DirectXTK12\lib</Filter>
    </Object>
    <Object Include="DirectXTK\lib\BasicPostProcess.obj">
      <Filter>DirectXTK12\lib</Filter>
    </Object>
    <Object Include="DirectXTK\lib\BinaryReader.obj">
      <Filter>DirectXTK12\lib</Filter>
    </Object>
    <Object Include="DirectXTK\lib\BufferHelpers.obj">
      <Filter>DirectXTK12\lib</Filter>
    </Object>
    <Object Include="DirectXTK\lib\CommonStates.obj">
      <Filter>DirectXTK12\lib</Filter>
    </Object>
    <Object Include="DirectXTK\lib\DDSTextureLoader.obj">
      <Filter>DirectXTK12\lib</Filter>
    </Object>
    <Object Include="DirectXTK\lib\DebugEffect.obj">
      <Filter>DirectXTK12\lib</Filter>
    </Object>
    <Object Include="DirectXTK\lib\DescriptorHeap.obj">
      <Filter>DirectXTK12\lib</Filter>
    </Object>
    <Object Include="DirectXTK\lib\DirectXHelpers.obj">
      <Filter>DirectXTK12\lib</Filter>
    </Object>
    <Object Include="DirectXTK\lib\DualPostProcess.obj">
      <Filter>DirectXTK12\lib</Filter>
    </Object>
    <Object Include="DirectXTK\lib\DualTextureEffect.obj">
      <Filter>DirectXTK12\lib</Filter>
    </Object>
    <Object Include="DirectXTK\lib\DynamicSoundEffectInstance.obj">
      <Filter>DirectXTK12\lib</Filter>
    </Object>
    <Object Include="DirectXTK\lib\EffectCommon.obj">
      <Filter>DirectXTK12\lib</Filter>
    </Object>
    <Object Include="DirectXTK\lib\EffectFactory.obj">
      <Filter>DirectXTK12\lib</Filter>
    </Object>
    <Object Include="DirectXTK\lib\EffectPipelineStateDescription.obj">
      <Filter>DirectXTK12\lib</Filter>
    </Object>
    <Object Include="DirectXTK\lib\EffectTextureFactory.obj">
      <Filter>DirectXTK12\lib</Filter>
    </Object>
    <Object Include="DirectXTK\lib\EnvironmentMapEffect.obj">
      <Filter>DirectXTK12\lib</Filter>
    </Object>
    <Object Include="DirectXTK\lib\GamePad.obj">
      <Filter>DirectXTK12\lib</Filter>
    </Object>
    <Object Include="DirectXTK\lib\GeometricPrimitive.obj">
      <Filter>DirectXTK12\lib</Filter>
    </Object>
    <Object Include="DirectXTK\lib\Geometry.obj">
      <Filter>DirectXTK12\lib</Filter>
    </Object>
    <Object Include="DirectXTK\lib\GraphicsMemory.obj">
      <Filter>DirectXTK12\lib</Filter>
    </Object>
    <Object Include="DirectXTK\lib\Keyboard.obj">
      <Filter>DirectXTK12\lib</Filter>
    </Object>
    <Object Include="DirectXTK\lib\LinearAllocator.obj">
      <Filter>DirectXTK12\lib</Filter>
    </Object>
    <Object Include="DirectXTK\lib\Model.obj">
      <Filter>DirectXTK12\lib</Filter>
    </Object>
    <Object Include="DirectXTK\lib\ModelLoadSDKMESH.obj">
      <Filter>DirectXTK12\lib</Filter>
    </Object>
    <Object Include="DirectXTK\lib\ModelLoadVBO.obj">
      <Filter>DirectXTK12\lib</Filter>
    </Object>
    <Object Include="DirectXTK\lib\Mouse.obj">
      <Filter>DirectXTK12\lib</Filter>
    </Object>
    <Object Include="DirectXTK\lib\NormalMapEffect.obj">
      <Filter>DirectXTK12\lib</Filter>
    </Object>
    <Object Include="DirectXTK\lib\PBREffect.obj">
      <Filter>DirectXTK12\lib</Filter>
    </Object>
    <Object Include="DirectXTK\lib\PBREffectFactory.obj">
      <Filter>DirectXTK12\lib</Filter>
    </Object>
    <Object Include="DirectXTK\lib\pch.obj">
      <Filter>DirectXTK12\lib</Filter>
    </Object>
    <Object Include="DirectXTK\lib\PrimitiveBatch.obj">
      <Filter>DirectXTK12\lib</Filter>
    </Object>
    <Object Include="DirectXTK\lib\ResourceUploadBatch.obj">
      <Filter>DirectXTK12\lib</Filter>
    </Object>
    <Object Include="DirectXTK\lib\ScreenGrab.obj">
      <Filter>DirectXTK12\lib</Filter>
    </Object>
    <Object Include="DirectXTK\lib\SimpleMath.obj">
      <Filter>DirectXTK12\lib</Filter>
    </Object>
    <Object Include="DirectXTK\lib\SkinnedEffect.obj">
      <Filter>DirectXTK12\lib</Filter>
    </Object>
    <Object Include="DirectXTK\lib\SoundCommon.obj">
      <Filter>DirectXTK12\lib</Filter>
    </Object>
    <Object Include="DirectXTK\lib\SoundEffect.obj">
      <Filter>DirectXTK12\lib</Filter>
    </Object>
    <Object Include="DirectXTK\lib\SoundEffectInstance.obj">
      <Filter>DirectXTK12\lib</Filter>
    </Object>
    <Object Include="DirectXTK\lib\SoundStreamInstance.obj">
      <Filter>DirectXTK12\lib</Filter>
    </Object>
    <Object Include="DirectXTK\lib\SpriteBatch.obj">
      <Filter>DirectXTK12\lib</Filter>
    </Object>
    <Object Include="DirectXTK\lib\SpriteFont.obj">
      <Filter>DirectXTK12\lib</Filter>
    </Object>
    <Object Include="DirectXTK\lib\ToneMapPostProcess.obj">
      <Filter>DirectXTK12\lib</Filter>
    </Object>
    <Object Include="DirectXTK\lib\VertexTypes.obj">
      <Filter>DirectXTK12\lib</Filter>
    </Object>
    <Object Include="DirectXTK\lib\WaveBank.obj">
      <Filter>DirectXTK12\lib</Filter>
    </Object>
    <Object Include="DirectXTK\lib\WaveBankReader.obj">
      <Filter>DirectXTK12\lib</Filter>
    </Object>
    <Object Include="DirectXTK\lib\WAVFileReader.obj">
      <Filter>DirectXTK12\lib</Filter>
    </Object>
    <Object Include="DirectXTK\lib\WICTextureLoader.obj">
      <Filter>DirectXTK12\lib</Filter>
    </Object>
  </ItemGroup>
  <ItemGroup>
    <Text Include="DirectXTK\lib\DirectXTK_Desktop_2019_Win10.log">
      <Filter>DirectXTK12\lib</Filter>
    </Text>
    <Text Include="DirectXTK\lib\DirectXTK_Desktop_2019_Win10.vcxproj.FileListAbsolute.txt">
      <Filter>DirectXTK12\lib</Filter>
    </Text>
  </ItemGroup>
  <ItemGroup>
    <Library Include="DirectXTK\lib\DirectXTK12.lib">
      <Filter>DirectXTK12\lib</Filter>
    </Library>
  </ItemGroup>
</Project>